
Microsoft Visual Studio Solution File, Format Version 12.00
# Visual Studio 14
VisualStudioVersion = 14.0.25123.0
MinimumVisualStudioVersion = 10.0.40219.1
Project("{FAE04EC0-301F-11D3-BF4B-00C04F79EFBC}") = "DotVVM.DevExtreme", "DotVVM.DevExtreme\DotVVM.DevExtreme.csproj", "{F4573848-A944-4B1A-92B5-E5546F4B0348}"
EndProject
Project("{FAE04EC0-301F-11D3-BF4B-00C04F79EFBC}") = "DotVVM.DevExtreme.Samples", "DotVVM.DevExtreme.Samples\DotVVM.DevExtreme.Samples.csproj", "{1C7A9914-8CDC-4075-9422-37BD0E51C076}"
EndProject
Global
	GlobalSection(SolutionConfigurationPlatforms) = preSolution
		Debug|Any CPU = Debug|Any CPU
		Release|Any CPU = Release|Any CPU
	EndGlobalSection
	GlobalSection(ProjectConfigurationPlatforms) = postSolution
		{F4573848-A944-4B1A-92B5-E5546F4B0348}.Debug|Any CPU.ActiveCfg = Debug|Any CPU
		{F4573848-A944-4B1A-92B5-E5546F4B0348}.Debug|Any CPU.Build.0 = Debug|Any CPU
		{F4573848-A944-4B1A-92B5-E5546F4B0348}.Release|Any CPU.ActiveCfg = Release|Any CPU
		{F4573848-A944-4B1A-92B5-E5546F4B0348}.Release|Any CPU.Build.0 = Release|Any CPU
		{1C7A9914-8CDC-4075-9422-37BD0E51C076}.Debug|Any CPU.ActiveCfg = Debug|Any CPU
		{1C7A9914-8CDC-4075-9422-37BD0E51C076}.Debug|Any CPU.Build.0 = Debug|Any CPU
		{1C7A9914-8CDC-4075-9422-37BD0E51C076}.Release|Any CPU.ActiveCfg = Release|Any CPU
		{1C7A9914-8CDC-4075-9422-37BD0E51C076}.Release|Any CPU.Build.0 = Release|Any CPU
	EndGlobalSection
	GlobalSection(SolutionProperties) = preSolution
		HideSolutionNode = FALSE
	EndGlobalSection
EndGlobal
